
Microsoft Visual Studio Solution File, Format Version 12.00
# Visual Studio Version 17
VisualStudioVersion = 17.4.33110.190
MinimumVisualStudioVersion = 10.0.40219.1
Project("{2150E333-8FDC-42A3-9474-1A3956D46DE8}") = "Test", "Test", "{A60DA900-790C-4D85-870B-A5EE220E6887}"
EndProject
Project("{2150E333-8FDC-42A3-9474-1A3956D46DE8}") = "Src", "Src", "{7E9763C8-A968-4572-94C6-ED0732CD4D09}"
EndProject
Project("{2150E333-8FDC-42A3-9474-1A3956D46DE8}") = "UnitTests", "UnitTests", "{0AD52402-792A-4269-9D57-D124213FB811}"
EndProject
Project("{2150E333-8FDC-42A3-9474-1A3956D46DE8}") = "Integrationtests", "Integrationtests", "{1D4E3114-C40B-42DF-AE8D-DA4A47CC0249}"
EndProject
Project("{2150E333-8FDC-42A3-9474-1A3956D46DE8}") = "ValidationTests", "ValidationTests", "{24599E24-A510-477B-BEC4-8480AC6EDDB6}"
EndProject
Project("{2150E333-8FDC-42A3-9474-1A3956D46DE8}") = "Samples", "Samples", "{80EA839B-E3AB-4829-A6A3-2F0E723A43CB}"
EndProject
Project("{9A19103F-16F7-4668-BE54-9A1E7A4F7556}") = "Dilan.GrpcServiceDiscovery.BlazorServer", "Src\BlazorServer\Dilan.GrpcServiceDiscovery.BlazorServer.csproj", "{601192CD-34AE-4E47-8826-99FD570F53F1}"
EndProject
Project("{9A19103F-16F7-4668-BE54-9A1E7A4F7556}") = "Dilan.GrpcServiceDiscovery.Grpc", "Src\Grpc\Dilan.GrpcServiceDiscovery.Grpc.csproj", "{EE1CE02A-281E-4279-842B-C001AFE0198C}"
EndProject
Project("{9A19103F-16F7-4668-BE54-9A1E7A4F7556}") = "Dilan.GrpcServiceDiscovery.SampleClient1", "Test\Samples\SampleClient1\Dilan.GrpcServiceDiscovery.SampleClient1.csproj", "{3AC67C71-DE87-49B4-8ED7-BE0E82308104}"
EndProject
Project("{9A19103F-16F7-4668-BE54-9A1E7A4F7556}") = "BlazorServerAppTests", "Test\BlazorServerAppTests\BlazorServerAppTests.csproj", "{148BC950-1DC6-400D-9D06-991AC90CAE67}"
EndProject
Project("{FAE04EC0-301F-11D3-BF4B-00C04F79EFBC}") = "MulticastClient", "Test\Samples\MulticastClient\MulticastClient.csproj", "{D9D2B1AB-265B-4966-A42C-5BC82AE89881}"
EndProject
Project("{2150E333-8FDC-42A3-9474-1A3956D46DE8}") = "Solution Items", "Solution Items", "{711AF717-E2B3-43BC-9AE5-D08F3AFF7568}"
	ProjectSection(SolutionItems) = preProject
		LICENSE.txt = LICENSE.txt
		README.md = README.md
	EndProjectSection
EndProject
Global
	GlobalSection(SolutionConfigurationPlatforms) = preSolution
		Debug|Any CPU = Debug|Any CPU
		Release|Any CPU = Release|Any CPU
	EndGlobalSection
	GlobalSection(ProjectConfigurationPlatforms) = postSolution
		{601192CD-34AE-4E47-8826-99FD570F53F1}.Debug|Any CPU.ActiveCfg = Debug|Any CPU
		{601192CD-34AE-4E47-8826-99FD570F53F1}.Debug|Any CPU.Build.0 = Debug|Any CPU
		{601192CD-34AE-4E47-8826-99FD570F53F1}.Release|Any CPU.ActiveCfg = Release|Any CPU
		{601192CD-34AE-4E47-8826-99FD570F53F1}.Release|Any CPU.Build.0 = Release|Any CPU
		{EE1CE02A-281E-4279-842B-C001AFE0198C}.Debug|Any CPU.ActiveCfg = Debug|Any CPU
		{EE1CE02A-281E-4279-842B-C001AFE0198C}.Debug|Any CPU.Build.0 = Debug|Any CPU
		{EE1CE02A-281E-4279-842B-C001AFE0198C}.Release|Any CPU.ActiveCfg = Release|Any CPU
		{EE1CE02A-281E-4279-842B-C001AFE0198C}.Release|Any CPU.Build.0 = Release|Any CPU
		{3AC67C71-DE87-49B4-8ED7-BE0E82308104}.Debug|Any CPU.ActiveCfg = Debug|Any CPU
		{3AC67C71-DE87-49B4-8ED7-BE0E82308104}.Debug|Any CPU.Build.0 = Debug|Any CPU
		{3AC67C71-DE87-49B4-8ED7-BE0E82308104}.Release|Any CPU.ActiveCfg = Release|Any CPU
		{3AC67C71-DE87-49B4-8ED7-BE0E82308104}.Release|Any CPU.Build.0 = Release|Any CPU
		{148BC950-1DC6-400D-9D06-991AC90CAE67}.Debug|Any CPU.ActiveCfg = Debug|Any CPU
		{148BC950-1DC6-400D-9D06-991AC90CAE67}.Debug|Any CPU.Build.0 = Debug|Any CPU
		{148BC950-1DC6-400D-9D06-991AC90CAE67}.Release|Any CPU.ActiveCfg = Release|Any CPU
		{148BC950-1DC6-400D-9D06-991AC90CAE67}.Release|Any CPU.Build.0 = Release|Any CPU
		{D9D2B1AB-265B-4966-A42C-5BC82AE89881}.Debug|Any CPU.ActiveCfg = Debug|Any CPU
		{D9D2B1AB-265B-4966-A42C-5BC82AE89881}.Debug|Any CPU.Build.0 = Debug|Any CPU
		{D9D2B1AB-265B-4966-A42C-5BC82AE89881}.Release|Any CPU.ActiveCfg = Release|Any CPU
		{D9D2B1AB-265B-4966-A42C-5BC82AE89881}.Release|Any CPU.Build.0 = Release|Any CPU
	EndGlobalSection
	GlobalSection(SolutionProperties) = preSolution
		HideSolutionNode = FALSE
	EndGlobalSection
	GlobalSection(NestedProjects) = preSolution
		{0AD52402-792A-4269-9D57-D124213FB811} = {A60DA900-790C-4D85-870B-A5EE220E6887}
		{1D4E3114-C40B-42DF-AE8D-DA4A47CC0249} = {A60DA900-790C-4D85-870B-A5EE220E6887}
		{24599E24-A510-477B-BEC4-8480AC6EDDB6} = {A60DA900-790C-4D85-870B-A5EE220E6887}
		{80EA839B-E3AB-4829-A6A3-2F0E723A43CB} = {A60DA900-790C-4D85-870B-A5EE220E6887}
		{601192CD-34AE-4E47-8826-99FD570F53F1} = {7E9763C8-A968-4572-94C6-ED0732CD4D09}
		{EE1CE02A-281E-4279-842B-C001AFE0198C} = {7E9763C8-A968-4572-94C6-ED0732CD4D09}
		{3AC67C71-DE87-49B4-8ED7-BE0E82308104} = {80EA839B-E3AB-4829-A6A3-2F0E723A43CB}
		{148BC950-1DC6-400D-9D06-991AC90CAE67} = {A60DA900-790C-4D85-870B-A5EE220E6887}
		{D9D2B1AB-265B-4966-A42C-5BC82AE89881} = {80EA839B-E3AB-4829-A6A3-2F0E723A43CB}
	EndGlobalSection
	GlobalSection(ExtensibilityGlobals) = postSolution
		SolutionGuid = {409FC92A-4F0D-4DF0-974F-22D8E119A4EF}
	EndGlobalSection
EndGlobal
